
Microsoft Visual Studio Solution File, Format Version 12.00
# Visual Studio Version 16
VisualStudioVersion = 16.0.31105.61
MinimumVisualStudioVersion = 10.0.40219.1
Project("{FAE04EC0-301F-11D3-BF4B-00C04F79EFBC}") = "Calculate_tree_age", "Calculate_tree_age.csproj", "{10A1C5DA-8605-43E0-A490-75756405E069}"
EndProject
Global
	GlobalSection(SolutionConfigurationPlatforms) = preSolution
		Debug|Any CPU = Debug|Any CPU
		Release|Any CPU = Release|Any CPU
	EndGlobalSection
	GlobalSection(ProjectConfigurationPlatforms) = postSolution
		{10A1C5DA-8605-43E0-A490-75756405E069}.Debug|Any CPU.ActiveCfg = Debug|Any CPU
		{10A1C5DA-8605-43E0-A490-75756405E069}.Debug|Any CPU.Build.0 = Debug|Any CPU
		{10A1C5DA-8605-43E0-A490-75756405E069}.Release|Any CPU.ActiveCfg = Release|Any CPU
		{10A1C5DA-8605-43E0-A490-75756405E069}.Release|Any CPU.Build.0 = Release|Any CPU
	EndGlobalSection
	GlobalSection(SolutionProperties) = preSolution
		HideSolutionNode = FALSE
	EndGlobalSection
	GlobalSection(ExtensibilityGlobals) = postSolution
		SolutionGuid = {1542420C-08D1-4CE9-8AD8-95FCC1804E21}
	EndGlobalSection
EndGlobal
